
Microsoft Visual Studio Solution File, Format Version 12.00
# Visual Studio Version 16
VisualStudioVersion = 16.0.30804.86
MinimumVisualStudioVersion = 15.0.26124.0
Project("{9A19103F-16F7-4668-BE54-9A1E7A4F7556}") = "DataAccessLibrary", "DataAccessLibrary\DataAccessLibrary.csproj", "{B7CE9E3F-3D5D-4A46-93F9-2E86EB25D0F4}"
EndProject
Project("{9A19103F-16F7-4668-BE54-9A1E7A4F7556}") = "WEBApi", "WEBApi\WEBApi.csproj", "{271CCC5F-9A08-4874-B41A-E1083414FFE2}"
EndProject
Project("{9A19103F-16F7-4668-BE54-9A1E7A4F7556}") = "WebApi.Tests", "WebApi.Test\WebApi.Tests.csproj", "{DFCAC1DE-F165-4F75-B9C7-C3E9B5EC5DC7}"
EndProject
Project("{FAE04EC0-301F-11D3-BF4B-00C04F79EFBC}") = "Core", "Core\Core.csproj", "{33C05E4B-3DC9-46CF-8265-9F6358834EB4}"
EndProject
Global
	GlobalSection(SolutionConfigurationPlatforms) = preSolution
		Debug|Any CPU = Debug|Any CPU
		Debug|x64 = Debug|x64
		Debug|x86 = Debug|x86
		Release|Any CPU = Release|Any CPU
		Release|x64 = Release|x64
		Release|x86 = Release|x86
	EndGlobalSection
	GlobalSection(ProjectConfigurationPlatforms) = postSolution
		{B7CE9E3F-3D5D-4A46-93F9-2E86EB25D0F4}.Debug|Any CPU.ActiveCfg = Debug|Any CPU
		{B7CE9E3F-3D5D-4A46-93F9-2E86EB25D0F4}.Debug|Any CPU.Build.0 = Debug|Any CPU
		{B7CE9E3F-3D5D-4A46-93F9-2E86EB25D0F4}.Debug|x64.ActiveCfg = Debug|Any CPU
		{B7CE9E3F-3D5D-4A46-93F9-2E86EB25D0F4}.Debug|x64.Build.0 = Debug|Any CPU
		{B7CE9E3F-3D5D-4A46-93F9-2E86EB25D0F4}.Debug|x86.ActiveCfg = Debug|Any CPU
		{B7CE9E3F-3D5D-4A46-93F9-2E86EB25D0F4}.Debug|x86.Build.0 = Debug|Any CPU
		{B7CE9E3F-3D5D-4A46-93F9-2E86EB25D0F4}.Release|Any CPU.ActiveCfg = Release|Any CPU
		{B7CE9E3F-3D5D-4A46-93F9-2E86EB25D0F4}.Release|Any CPU.Build.0 = Release|Any CPU
		{B7CE9E3F-3D5D-4A46-93F9-2E86EB25D0F4}.Release|x64.ActiveCfg = Release|Any CPU
		{B7CE9E3F-3D5D-4A46-93F9-2E86EB25D0F4}.Release|x64.Build.0 = Release|Any CPU
		{B7CE9E3F-3D5D-4A46-93F9-2E86EB25D0F4}.Release|x86.ActiveCfg = Release|Any CPU
		{B7CE9E3F-3D5D-4A46-93F9-2E86EB25D0F4}.Release|x86.Build.0 = Release|Any CPU
		{271CCC5F-9A08-4874-B41A-E1083414FFE2}.Debug|Any CPU.ActiveCfg = Debug|Any CPU
		{271CCC5F-9A08-4874-B41A-E1083414FFE2}.Debug|Any CPU.Build.0 = Debug|Any CPU
		{271CCC5F-9A08-4874-B41A-E1083414FFE2}.Debug|x64.ActiveCfg = Debug|Any CPU
		{271CCC5F-9A08-4874-B41A-E1083414FFE2}.Debug|x64.Build.0 = Debug|Any CPU
		{271CCC5F-9A08-4874-B41A-E1083414FFE2}.Debug|x86.ActiveCfg = Debug|Any CPU
		{271CCC5F-9A08-4874-B41A-E1083414FFE2}.Debug|x86.Build.0 = Debug|Any CPU
		{271CCC5F-9A08-4874-B41A-E1083414FFE2}.Release|Any CPU.ActiveCfg = Release|Any CPU
		{271CCC5F-9A08-4874-B41A-E1083414FFE2}.Release|Any CPU.Build.0 = Release|Any CPU
		{271CCC5F-9A08-4874-B41A-E1083414FFE2}.Release|x64.ActiveCfg = Release|Any CPU
		{271CCC5F-9A08-4874-B41A-E1083414FFE2}.Release|x64.Build.0 = Release|Any CPU
		{271CCC5F-9A08-4874-B41A-E1083414FFE2}.Release|x86.ActiveCfg = Release|Any CPU
		{271CCC5F-9A08-4874-B41A-E1083414FFE2}.Release|x86.Build.0 = Release|Any CPU
		{DFCAC1DE-F165-4F75-B9C7-C3E9B5EC5DC7}.Debug|Any CPU.ActiveCfg = Debug|Any CPU
		{DFCAC1DE-F165-4F75-B9C7-C3E9B5EC5DC7}.Debug|Any CPU.Build.0 = Debug|Any CPU
		{DFCAC1DE-F165-4F75-B9C7-C3E9B5EC5DC7}.Debug|x64.ActiveCfg = Debug|Any CPU
		{DFCAC1DE-F165-4F75-B9C7-C3E9B5EC5DC7}.Debug|x64.Build.0 = Debug|Any CPU
		{DFCAC1DE-F165-4F75-B9C7-C3E9B5EC5DC7}.Debug|x86.ActiveCfg = Debug|Any CPU
		{DFCAC1DE-F165-4F75-B9C7-C3E9B5EC5DC7}.Debug|x86.Build.0 = Debug|Any CPU
		{DFCAC1DE-F165-4F75-B9C7-C3E9B5EC5DC7}.Release|Any CPU.ActiveCfg = Release|Any CPU
		{DFCAC1DE-F165-4F75-B9C7-C3E9B5EC5DC7}.Release|Any CPU.Build.0 = Release|Any CPU
		{DFCAC1DE-F165-4F75-B9C7-C3E9B5EC5DC7}.Release|x64.ActiveCfg = Release|Any CPU
		{DFCAC1DE-F165-4F75-B9C7-C3E9B5EC5DC7}.Release|x64.Build.0 = Release|Any CPU
		{DFCAC1DE-F165-4F75-B9C7-C3E9B5EC5DC7}.Release|x86.ActiveCfg = Release|Any CPU
		{DFCAC1DE-F165-4F75-B9C7-C3E9B5EC5DC7}.Release|x86.Build.0 = Release|Any CPU
		{33C05E4B-3DC9-46CF-8265-9F6358834EB4}.Debug|Any CPU.ActiveCfg = Debug|Any CPU
		{33C05E4B-3DC9-46CF-8265-9F6358834EB4}.Debug|Any CPU.Build.0 = Debug|Any CPU
		{33C05E4B-3DC9-46CF-8265-9F6358834EB4}.Debug|x64.ActiveCfg = Debug|Any CPU
		{33C05E4B-3DC9-46CF-8265-9F6358834EB4}.Debug|x64.Build.0 = Debug|Any CPU
		{33C05E4B-3DC9-46CF-8265-9F6358834EB4}.Debug|x86.ActiveCfg = Debug|Any CPU
		{33C05E4B-3DC9-46CF-8265-9F6358834EB4}.Debug|x86.Build.0 = Debug|Any CPU
		{33C05E4B-3DC9-46CF-8265-9F6358834EB4}.Release|Any CPU.ActiveCfg = Release|Any CPU
		{33C05E4B-3DC9-46CF-8265-9F6358834EB4}.Release|Any CPU.Build.0 = Release|Any CPU
		{33C05E4B-3DC9-46CF-8265-9F6358834EB4}.Release|x64.ActiveCfg = Release|Any CPU
		{33C05E4B-3DC9-46CF-8265-9F6358834EB4}.Release|x64.Build.0 = Release|Any CPU
		{33C05E4B-3DC9-46CF-8265-9F6358834EB4}.Release|x86.ActiveCfg = Release|Any CPU
		{33C05E4B-3DC9-46CF-8265-9F6358834EB4}.Release|x86.Build.0 = Release|Any CPU
	EndGlobalSection
	GlobalSection(SolutionProperties) = preSolution
		HideSolutionNode = FALSE
	EndGlobalSection
	GlobalSection(ExtensibilityGlobals) = postSolution
		SolutionGuid = {19E8AA8C-7451-4BAE-9AEC-E510377F3048}
	EndGlobalSection
EndGlobal
